
Microsoft Visual Studio Solution File, Format Version 12.00
# Visual Studio Version 17
VisualStudioVersion = 17.8.34330.188
MinimumVisualStudioVersion = 10.0.40219.1
Project("{FAE04EC0-301F-11D3-BF4B-00C04F79EFBC}") = "WindowsFormsApp1", "WindowsFormsApp1\WindowsFormsApp1.csproj", "{5A6C81CE-577C-4515-B418-6F40AF6D1AAF}"
EndProject
Global
	GlobalSection(SolutionConfigurationPlatforms) = preSolution
		Debug|Any CPU = Debug|Any CPU
		Release|Any CPU = Release|Any CPU
	EndGlobalSection
	GlobalSection(ProjectConfigurationPlatforms) = postSolution
		{5A6C81CE-577C-4515-B418-6F40AF6D1AAF}.Debug|Any CPU.ActiveCfg = Debug|Any CPU
		{5A6C81CE-577C-4515-B418-6F40AF6D1AAF}.Debug|Any CPU.Build.0 = Debug|Any CPU
		{5A6C81CE-577C-4515-B418-6F40AF6D1AAF}.Release|Any CPU.ActiveCfg = Release|Any CPU
		{5A6C81CE-577C-4515-B418-6F40AF6D1AAF}.Release|Any CPU.Build.0 = Release|Any CPU
	EndGlobalSection
	GlobalSection(SolutionProperties) = preSolution
		HideSolutionNode = FALSE
	EndGlobalSection
	GlobalSection(ExtensibilityGlobals) = postSolution
		SolutionGuid = {7F95DDD7-6E3F-4BCC-82A9-E0D0D5B149E3}
	EndGlobalSection
EndGlobal
