
Microsoft Visual Studio Solution File, Format Version 12.00
# Visual Studio Version 17
VisualStudioVersion = 17.8.34330.188
MinimumVisualStudioVersion = 10.0.40219.1
Project("{FAE04EC0-301F-11D3-BF4B-00C04F79EFBC}") = "WindowsFormsApp3", "WindowsFormsApp3\WindowsFormsApp3.csproj", "{47EA8CD8-DC0B-422C-B16E-1822B72BEDEE}"
EndProject
Global
	GlobalSection(SolutionConfigurationPlatforms) = preSolution
		Debug|Any CPU = Debug|Any CPU
		Release|Any CPU = Release|Any CPU
	EndGlobalSection
	GlobalSection(ProjectConfigurationPlatforms) = postSolution
		{47EA8CD8-DC0B-422C-B16E-1822B72BEDEE}.Debug|Any CPU.ActiveCfg = Debug|Any CPU
		{47EA8CD8-DC0B-422C-B16E-1822B72BEDEE}.Debug|Any CPU.Build.0 = Debug|Any CPU
		{47EA8CD8-DC0B-422C-B16E-1822B72BEDEE}.Release|Any CPU.ActiveCfg = Release|Any CPU
		{47EA8CD8-DC0B-422C-B16E-1822B72BEDEE}.Release|Any CPU.Build.0 = Release|Any CPU
	EndGlobalSection
	GlobalSection(SolutionProperties) = preSolution
		HideSolutionNode = FALSE
	EndGlobalSection
	GlobalSection(ExtensibilityGlobals) = postSolution
		SolutionGuid = {66BEE021-A5B3-4893-8E2F-A99CEE1BCFEC}
	EndGlobalSection
EndGlobal
